
Microsoft Visual Studio Solution File, Format Version 12.00
# Visual Studio 15
VisualStudioVersion = 15.0.26430.6
MinimumVisualStudioVersion = 10.0.40219.1
Project("{FAE04EC0-301F-11D3-BF4B-00C04F79EFBC}") = "WebApiManipilation", "WebApiManipilation\WebApiManipilation.csproj", "{94768BCF-D607-4D3B-98B2-71BFDF61CE7A}"
EndProject
Global
	GlobalSection(SolutionConfigurationPlatforms) = preSolution
		Debug|Any CPU = Debug|Any CPU
		Release|Any CPU = Release|Any CPU
	EndGlobalSection
	GlobalSection(ProjectConfigurationPlatforms) = postSolution
		{94768BCF-D607-4D3B-98B2-71BFDF61CE7A}.Debug|Any CPU.ActiveCfg = Debug|Any CPU
		{94768BCF-D607-4D3B-98B2-71BFDF61CE7A}.Debug|Any CPU.Build.0 = Debug|Any CPU
		{94768BCF-D607-4D3B-98B2-71BFDF61CE7A}.Release|Any CPU.ActiveCfg = Release|Any CPU
		{94768BCF-D607-4D3B-98B2-71BFDF61CE7A}.Release|Any CPU.Build.0 = Release|Any CPU
	EndGlobalSection
	GlobalSection(SolutionProperties) = preSolution
		HideSolutionNode = FALSE
	EndGlobalSection
EndGlobal
