
Microsoft Visual Studio Solution File, Format Version 12.00
# Visual Studio 15
VisualStudioVersion = 15.0.26403.3
MinimumVisualStudioVersion = 10.0.40219.1
Project("{FAE04EC0-301F-11D3-BF4B-00C04F79EFBC}") = "Routing", "Routing\Routing.csproj", "{4FE6B547-B8AF-4E99-A3DF-57098B93518C}"
EndProject
Project("{FAE04EC0-301F-11D3-BF4B-00C04F79EFBC}") = "Routing2", "Routing2\Routing2.csproj", "{53ADDBA3-0F35-4709-AF23-6777059480B3}"
EndProject
Project("{FAE04EC0-301F-11D3-BF4B-00C04F79EFBC}") = "ContentNegotiation", "ContentNegotiation\ContentNegotiation.csproj", "{B2257EF3-A950-453C-A298-3A60AC1D2E68}"
EndProject
Global
	GlobalSection(SolutionConfigurationPlatforms) = preSolution
		Debug|Any CPU = Debug|Any CPU
		Release|Any CPU = Release|Any CPU
	EndGlobalSection
	GlobalSection(ProjectConfigurationPlatforms) = postSolution
		{4FE6B547-B8AF-4E99-A3DF-57098B93518C}.Debug|Any CPU.ActiveCfg = Debug|Any CPU
		{4FE6B547-B8AF-4E99-A3DF-57098B93518C}.Debug|Any CPU.Build.0 = Debug|Any CPU
		{4FE6B547-B8AF-4E99-A3DF-57098B93518C}.Release|Any CPU.ActiveCfg = Release|Any CPU
		{4FE6B547-B8AF-4E99-A3DF-57098B93518C}.Release|Any CPU.Build.0 = Release|Any CPU
		{53ADDBA3-0F35-4709-AF23-6777059480B3}.Debug|Any CPU.ActiveCfg = Debug|Any CPU
		{53ADDBA3-0F35-4709-AF23-6777059480B3}.Debug|Any CPU.Build.0 = Debug|Any CPU
		{53ADDBA3-0F35-4709-AF23-6777059480B3}.Release|Any CPU.ActiveCfg = Release|Any CPU
		{53ADDBA3-0F35-4709-AF23-6777059480B3}.Release|Any CPU.Build.0 = Release|Any CPU
		{B2257EF3-A950-453C-A298-3A60AC1D2E68}.Debug|Any CPU.ActiveCfg = Debug|Any CPU
		{B2257EF3-A950-453C-A298-3A60AC1D2E68}.Debug|Any CPU.Build.0 = Debug|Any CPU
		{B2257EF3-A950-453C-A298-3A60AC1D2E68}.Release|Any CPU.ActiveCfg = Release|Any CPU
		{B2257EF3-A950-453C-A298-3A60AC1D2E68}.Release|Any CPU.Build.0 = Release|Any CPU
	EndGlobalSection
	GlobalSection(SolutionProperties) = preSolution
		HideSolutionNode = FALSE
	EndGlobalSection
EndGlobal
