
Microsoft Visual Studio Solution File, Format Version 12.00
# Visual Studio 15
VisualStudioVersion = 15.0.26403.7
MinimumVisualStudioVersion = 10.0.40219.1
Project("{FAE04EC0-301F-11D3-BF4B-00C04F79EFBC}") = "HttpClientWPF", "HttpClientWPF\HttpClientWPF.csproj", "{369D8FF2-9A9D-46C7-894D-726DF272FD42}"
EndProject
Project("{FAE04EC0-301F-11D3-BF4B-00C04F79EFBC}") = "EmployeeWebAPI", "EmployeeWebAPI\EmployeeWebAPI.csproj", "{A321EB6E-E1AF-4D7A-B0DE-AABA61770C88}"
EndProject
Global
	GlobalSection(SolutionConfigurationPlatforms) = preSolution
		Debug|Any CPU = Debug|Any CPU
		Release|Any CPU = Release|Any CPU
	EndGlobalSection
	GlobalSection(ProjectConfigurationPlatforms) = postSolution
		{369D8FF2-9A9D-46C7-894D-726DF272FD42}.Debug|Any CPU.ActiveCfg = Debug|Any CPU
		{369D8FF2-9A9D-46C7-894D-726DF272FD42}.Debug|Any CPU.Build.0 = Debug|Any CPU
		{369D8FF2-9A9D-46C7-894D-726DF272FD42}.Release|Any CPU.ActiveCfg = Release|Any CPU
		{369D8FF2-9A9D-46C7-894D-726DF272FD42}.Release|Any CPU.Build.0 = Release|Any CPU
		{A321EB6E-E1AF-4D7A-B0DE-AABA61770C88}.Debug|Any CPU.ActiveCfg = Debug|Any CPU
		{A321EB6E-E1AF-4D7A-B0DE-AABA61770C88}.Debug|Any CPU.Build.0 = Debug|Any CPU
		{A321EB6E-E1AF-4D7A-B0DE-AABA61770C88}.Release|Any CPU.ActiveCfg = Release|Any CPU
		{A321EB6E-E1AF-4D7A-B0DE-AABA61770C88}.Release|Any CPU.Build.0 = Release|Any CPU
	EndGlobalSection
	GlobalSection(SolutionProperties) = preSolution
		HideSolutionNode = FALSE
	EndGlobalSection
EndGlobal
